
Microsoft Visual Studio Solution File, Format Version 12.00
# Visual Studio 15
VisualStudioVersion = 15.0.28307.168
MinimumVisualStudioVersion = 10.0.40219.1
Project("{FAE04EC0-301F-11D3-BF4B-00C04F79EFBC}") = "SimpleFileSystem", "SimpleFileSystem\SimpleFileSystem.csproj", "{1052E421-37F4-4C3F-AA13-04449FAD33A4}"
EndProject
Project("{FAE04EC0-301F-11D3-BF4B-00C04F79EFBC}") = "Test", "Test\Test.csproj", "{D9277F4A-1A47-459D-8092-68DB99A6317C}"
EndProject
Global
	GlobalSection(SolutionConfigurationPlatforms) = preSolution
		Debug|Any CPU = Debug|Any CPU
		Release|Any CPU = Release|Any CPU
	EndGlobalSection
	GlobalSection(ProjectConfigurationPlatforms) = postSolution
		{1052E421-37F4-4C3F-AA13-04449FAD33A4}.Debug|Any CPU.ActiveCfg = Debug|Any CPU
		{1052E421-37F4-4C3F-AA13-04449FAD33A4}.Debug|Any CPU.Build.0 = Debug|Any CPU
		{1052E421-37F4-4C3F-AA13-04449FAD33A4}.Release|Any CPU.ActiveCfg = Release|Any CPU
		{1052E421-37F4-4C3F-AA13-04449FAD33A4}.Release|Any CPU.Build.0 = Release|Any CPU
		{D9277F4A-1A47-459D-8092-68DB99A6317C}.Debug|Any CPU.ActiveCfg = Debug|Any CPU
		{D9277F4A-1A47-459D-8092-68DB99A6317C}.Debug|Any CPU.Build.0 = Debug|Any CPU
		{D9277F4A-1A47-459D-8092-68DB99A6317C}.Release|Any CPU.ActiveCfg = Release|Any CPU
		{D9277F4A-1A47-459D-8092-68DB99A6317C}.Release|Any CPU.Build.0 = Release|Any CPU
	EndGlobalSection
	GlobalSection(SolutionProperties) = preSolution
		HideSolutionNode = FALSE
	EndGlobalSection
	GlobalSection(ExtensibilityGlobals) = postSolution
		SolutionGuid = {E7606AC6-7FB9-4128-9800-9AAA1E5D0DB3}
	EndGlobalSection
EndGlobal
